
Microsoft Visual Studio Solution File, Format Version 12.00
# Visual Studio Version 16
VisualStudioVersion = 16.0.30413.136
MinimumVisualStudioVersion = 10.0.40219.1
Project("{FAE04EC0-301F-11D3-BF4B-00C04F79EFBC}") = "TinyCompiler", "TinyCompiler.csproj", "{064D4CC5-CFBC-4C2D-A809-19D9515628CA}"
EndProject
Global
	GlobalSection(SolutionConfigurationPlatforms) = preSolution
		Debug|Any CPU = Debug|Any CPU
		Release|Any CPU = Release|Any CPU
	EndGlobalSection
	GlobalSection(ProjectConfigurationPlatforms) = postSolution
		{064D4CC5-CFBC-4C2D-A809-19D9515628CA}.Debug|Any CPU.ActiveCfg = Debug|Any CPU
		{064D4CC5-CFBC-4C2D-A809-19D9515628CA}.Debug|Any CPU.Build.0 = Debug|Any CPU
		{064D4CC5-CFBC-4C2D-A809-19D9515628CA}.Release|Any CPU.ActiveCfg = Release|Any CPU
		{064D4CC5-CFBC-4C2D-A809-19D9515628CA}.Release|Any CPU.Build.0 = Release|Any CPU
	EndGlobalSection
	GlobalSection(SolutionProperties) = preSolution
		HideSolutionNode = FALSE
	EndGlobalSection
	GlobalSection(ExtensibilityGlobals) = postSolution
		SolutionGuid = {26F1F487-422A-4E12-80DE-4050D2B86024}
	EndGlobalSection
EndGlobal
